
Microsoft Visual Studio Solution File, Format Version 12.00
# Visual Studio Version 17
VisualStudioVersion = 17.4.33205.214
MinimumVisualStudioVersion = 10.0.40219.1
Project("{FAE04EC0-301F-11D3-BF4B-00C04F79EFBC}") = "Avalonia_Test", "Avalonia_Test.csproj", "{72D0EC4B-06E2-4504-95EF-9EF7CBD436B3}"
EndProject
Global
	GlobalSection(SolutionConfigurationPlatforms) = preSolution
		Debug|Any CPU = Debug|Any CPU
		Release|Any CPU = Release|Any CPU
	EndGlobalSection
	GlobalSection(ProjectConfigurationPlatforms) = postSolution
		{72D0EC4B-06E2-4504-95EF-9EF7CBD436B3}.Debug|Any CPU.ActiveCfg = Debug|Any CPU
		{72D0EC4B-06E2-4504-95EF-9EF7CBD436B3}.Debug|Any CPU.Build.0 = Debug|Any CPU
		{72D0EC4B-06E2-4504-95EF-9EF7CBD436B3}.Release|Any CPU.ActiveCfg = Release|Any CPU
		{72D0EC4B-06E2-4504-95EF-9EF7CBD436B3}.Release|Any CPU.Build.0 = Release|Any CPU
	EndGlobalSection
	GlobalSection(SolutionProperties) = preSolution
		HideSolutionNode = FALSE
	EndGlobalSection
	GlobalSection(ExtensibilityGlobals) = postSolution
		SolutionGuid = {07207B97-2785-4F58-9B49-BB0EAEA6AC82}
	EndGlobalSection
EndGlobal
